
Microsoft Visual Studio Solution File, Format Version 12.00
# Visual Studio 15
VisualStudioVersion = 15.0.28307.489
MinimumVisualStudioVersion = 10.0.40219.1
Project("{FAE04EC0-301F-11D3-BF4B-00C04F79EFBC}") = "RSS Feed Test", "RSS Feed Test\RSS Feed Test.csproj", "{9F922AC8-8DB6-464D-B877-B0806279B553}"
EndProject
Project("{FAE04EC0-301F-11D3-BF4B-00C04F79EFBC}") = "HS-Feed-Manager", "HS-Feed-Manager\HS-Feed-Manager.csproj", "{30D3090B-5662-4C1D-BEDE-9D35786FA762}"
EndProject
Global
	GlobalSection(SolutionConfigurationPlatforms) = preSolution
		Debug|Any CPU = Debug|Any CPU
		Release|Any CPU = Release|Any CPU
	EndGlobalSection
	GlobalSection(ProjectConfigurationPlatforms) = postSolution
		{9F922AC8-8DB6-464D-B877-B0806279B553}.Debug|Any CPU.ActiveCfg = Debug|Any CPU
		{9F922AC8-8DB6-464D-B877-B0806279B553}.Debug|Any CPU.Build.0 = Debug|Any CPU
		{9F922AC8-8DB6-464D-B877-B0806279B553}.Release|Any CPU.ActiveCfg = Release|Any CPU
		{9F922AC8-8DB6-464D-B877-B0806279B553}.Release|Any CPU.Build.0 = Release|Any CPU
		{30D3090B-5662-4C1D-BEDE-9D35786FA762}.Debug|Any CPU.ActiveCfg = Debug|Any CPU
		{30D3090B-5662-4C1D-BEDE-9D35786FA762}.Debug|Any CPU.Build.0 = Debug|Any CPU
		{30D3090B-5662-4C1D-BEDE-9D35786FA762}.Release|Any CPU.ActiveCfg = Release|Any CPU
		{30D3090B-5662-4C1D-BEDE-9D35786FA762}.Release|Any CPU.Build.0 = Release|Any CPU
	EndGlobalSection
	GlobalSection(SolutionProperties) = preSolution
		HideSolutionNode = FALSE
	EndGlobalSection
	GlobalSection(ExtensibilityGlobals) = postSolution
		SolutionGuid = {FA140713-D569-46DF-B0FE-69EF0C578E4B}
	EndGlobalSection
EndGlobal
