
Microsoft Visual Studio Solution File, Format Version 12.00
# Visual Studio 15
VisualStudioVersion = 15.0.28307.489
MinimumVisualStudioVersion = 10.0.40219.1
Project("{FAE04EC0-301F-11D3-BF4B-00C04F79EFBC}") = "RSS Feed Test", "RSS Feed Test\RSS Feed Test.csproj", "{B6EDEE29-ED95-4A36-B90D-A4585D52033D}"
EndProject
Global
	GlobalSection(SolutionConfigurationPlatforms) = preSolution
		Debug|Any CPU = Debug|Any CPU
		Release|Any CPU = Release|Any CPU
	EndGlobalSection
	GlobalSection(ProjectConfigurationPlatforms) = postSolution
		{B6EDEE29-ED95-4A36-B90D-A4585D52033D}.Debug|Any CPU.ActiveCfg = Debug|Any CPU
		{B6EDEE29-ED95-4A36-B90D-A4585D52033D}.Debug|Any CPU.Build.0 = Debug|Any CPU
		{B6EDEE29-ED95-4A36-B90D-A4585D52033D}.Release|Any CPU.ActiveCfg = Release|Any CPU
		{B6EDEE29-ED95-4A36-B90D-A4585D52033D}.Release|Any CPU.Build.0 = Release|Any CPU
	EndGlobalSection
	GlobalSection(SolutionProperties) = preSolution
		HideSolutionNode = FALSE
	EndGlobalSection
	GlobalSection(ExtensibilityGlobals) = postSolution
		SolutionGuid = {FA140713-D569-46DF-B0FE-69EF0C578E4B}
	EndGlobalSection
EndGlobal
